
Microsoft Visual Studio Solution File, Format Version 12.00
# Visual Studio Version 17
VisualStudioVersion = 17.7.34031.279
MinimumVisualStudioVersion = 10.0.40219.1
Project("{9A19103F-16F7-4668-BE54-9A1E7A4F7556}") = "testapi", "testapi\testapi.csproj", "{23300EF9-DE6F-4CB9-9633-192AAC334B16}"
EndProject
Project("{9A19103F-16F7-4668-BE54-9A1E7A4F7556}") = "testapi2", "testapi2\testapi2.csproj", "{B6580A23-515C-4518-A391-067C26DADE86}"
EndProject
Project("{E53339B2-1760-4266-BCC7-CA923CBCF16C}") = "docker-compose", "docker-compose.dcproj", "{83C0BFDA-30EE-46D8-8A54-784D765C9634}"
EndProject
Global
	GlobalSection(SolutionConfigurationPlatforms) = preSolution
		Debug|Any CPU = Debug|Any CPU
		Release|Any CPU = Release|Any CPU
	EndGlobalSection
	GlobalSection(ProjectConfigurationPlatforms) = postSolution
		{23300EF9-DE6F-4CB9-9633-192AAC334B16}.Debug|Any CPU.ActiveCfg = Debug|Any CPU
		{23300EF9-DE6F-4CB9-9633-192AAC334B16}.Debug|Any CPU.Build.0 = Debug|Any CPU
		{23300EF9-DE6F-4CB9-9633-192AAC334B16}.Release|Any CPU.ActiveCfg = Release|Any CPU
		{23300EF9-DE6F-4CB9-9633-192AAC334B16}.Release|Any CPU.Build.0 = Release|Any CPU
		{B6580A23-515C-4518-A391-067C26DADE86}.Debug|Any CPU.ActiveCfg = Debug|Any CPU
		{B6580A23-515C-4518-A391-067C26DADE86}.Debug|Any CPU.Build.0 = Debug|Any CPU
		{B6580A23-515C-4518-A391-067C26DADE86}.Release|Any CPU.ActiveCfg = Release|Any CPU
		{B6580A23-515C-4518-A391-067C26DADE86}.Release|Any CPU.Build.0 = Release|Any CPU
		{83C0BFDA-30EE-46D8-8A54-784D765C9634}.Debug|Any CPU.ActiveCfg = Debug|Any CPU
		{83C0BFDA-30EE-46D8-8A54-784D765C9634}.Debug|Any CPU.Build.0 = Debug|Any CPU
		{83C0BFDA-30EE-46D8-8A54-784D765C9634}.Release|Any CPU.ActiveCfg = Release|Any CPU
		{83C0BFDA-30EE-46D8-8A54-784D765C9634}.Release|Any CPU.Build.0 = Release|Any CPU
	EndGlobalSection
	GlobalSection(SolutionProperties) = preSolution
		HideSolutionNode = FALSE
	EndGlobalSection
	GlobalSection(ExtensibilityGlobals) = postSolution
		SolutionGuid = {20E1EDDE-CF30-461A-A32F-DB492DE32B12}
	EndGlobalSection
EndGlobal
